
Microsoft Visual Studio Solution File, Format Version 12.00
# Visual Studio 14
VisualStudioVersion = 14.0.25420.1
MinimumVisualStudioVersion = 10.0.40219.1
Project("{2150E333-8FDC-42A3-9474-1A3956D46DE8}") = "DAL", "DAL", "{63DD53F7-28DD-4A23-B97E-58BFEC1D9E99}"
EndProject
Project("{2150E333-8FDC-42A3-9474-1A3956D46DE8}") = "BLL", "BLL", "{035DA76E-BD5A-4309-A54E-A7C3DE08B6B5}"
EndProject
Project("{2150E333-8FDC-42A3-9474-1A3956D46DE8}") = "SVC", "SVC", "{B5E36D45-3DBA-4646-902E-5355143A30DE}"
EndProject
Project("{FAE04EC0-301F-11D3-BF4B-00C04F79EFBC}") = "DAL", "DAL\DAL.csproj", "{3B1CD96F-FFD1-4703-B97B-1AD2B787F168}"
EndProject
Project("{FAE04EC0-301F-11D3-BF4B-00C04F79EFBC}") = "BLL", "BLL\BLL.csproj", "{14A6B759-AD5C-47E9-A2C7-7BE46EBDF830}"
EndProject
Project("{FAE04EC0-301F-11D3-BF4B-00C04F79EFBC}") = "SVC", "SVC\SVC.csproj", "{F8BEBEAA-0798-4765-9BEA-E831987FF95C}"
EndProject
Project("{FAE04EC0-301F-11D3-BF4B-00C04F79EFBC}") = "Site", "Site\Site.csproj", "{F57A0DA5-8496-4E5E-8654-05904CC42496}"
EndProject
Global
	GlobalSection(SolutionConfigurationPlatforms) = preSolution
		Debug|Any CPU = Debug|Any CPU
		Release|Any CPU = Release|Any CPU
	EndGlobalSection
	GlobalSection(ProjectConfigurationPlatforms) = postSolution
		{3B1CD96F-FFD1-4703-B97B-1AD2B787F168}.Debug|Any CPU.ActiveCfg = Debug|Any CPU
		{3B1CD96F-FFD1-4703-B97B-1AD2B787F168}.Debug|Any CPU.Build.0 = Debug|Any CPU
		{3B1CD96F-FFD1-4703-B97B-1AD2B787F168}.Release|Any CPU.ActiveCfg = Release|Any CPU
		{3B1CD96F-FFD1-4703-B97B-1AD2B787F168}.Release|Any CPU.Build.0 = Release|Any CPU
		{14A6B759-AD5C-47E9-A2C7-7BE46EBDF830}.Debug|Any CPU.ActiveCfg = Debug|Any CPU
		{14A6B759-AD5C-47E9-A2C7-7BE46EBDF830}.Debug|Any CPU.Build.0 = Debug|Any CPU
		{14A6B759-AD5C-47E9-A2C7-7BE46EBDF830}.Release|Any CPU.ActiveCfg = Release|Any CPU
		{14A6B759-AD5C-47E9-A2C7-7BE46EBDF830}.Release|Any CPU.Build.0 = Release|Any CPU
		{F8BEBEAA-0798-4765-9BEA-E831987FF95C}.Debug|Any CPU.ActiveCfg = Debug|Any CPU
		{F8BEBEAA-0798-4765-9BEA-E831987FF95C}.Debug|Any CPU.Build.0 = Debug|Any CPU
		{F8BEBEAA-0798-4765-9BEA-E831987FF95C}.Release|Any CPU.ActiveCfg = Release|Any CPU
		{F8BEBEAA-0798-4765-9BEA-E831987FF95C}.Release|Any CPU.Build.0 = Release|Any CPU
		{F57A0DA5-8496-4E5E-8654-05904CC42496}.Debug|Any CPU.ActiveCfg = Debug|Any CPU
		{F57A0DA5-8496-4E5E-8654-05904CC42496}.Debug|Any CPU.Build.0 = Debug|Any CPU
		{F57A0DA5-8496-4E5E-8654-05904CC42496}.Release|Any CPU.ActiveCfg = Release|Any CPU
		{F57A0DA5-8496-4E5E-8654-05904CC42496}.Release|Any CPU.Build.0 = Release|Any CPU
	EndGlobalSection
	GlobalSection(SolutionProperties) = preSolution
		HideSolutionNode = FALSE
	EndGlobalSection
	GlobalSection(NestedProjects) = preSolution
		{3B1CD96F-FFD1-4703-B97B-1AD2B787F168} = {63DD53F7-28DD-4A23-B97E-58BFEC1D9E99}
		{14A6B759-AD5C-47E9-A2C7-7BE46EBDF830} = {035DA76E-BD5A-4309-A54E-A7C3DE08B6B5}
		{F8BEBEAA-0798-4765-9BEA-E831987FF95C} = {B5E36D45-3DBA-4646-902E-5355143A30DE}
		{F57A0DA5-8496-4E5E-8654-05904CC42496} = {B5E36D45-3DBA-4646-902E-5355143A30DE}
	EndGlobalSection
EndGlobal
